// !$*UTF8*$!
{
	archiveVersion = 1;
	classes = {
	};
	objectVersion = 46;
	objects = {

/* Begin PBXBuildFile section */
		0207DA581B56EA530066E2B4 /* Images.xcassets in Resources */ = {isa = PBXBuildFile; fileRef = 0207DA571B56EA530066E2B4 /* Images.xcassets */; };
		0C5A79C56C3147D9B0806371 /* CDVInAppBrowserNavigationController.m in Sources */ = {isa = PBXBuildFile; fileRef = 41722477FB2D4F1C90BAEE42 /* CDVInAppBrowserNavigationController.m */; };
		165206AEB7E543BA9345D8A4 /* CDVInAppBrowserOptions.m in Sources */ = {isa = PBXBuildFile; fileRef = 7CB5D1891509490B8F3874C2 /* CDVInAppBrowserOptions.m */; };
		1D3623260D0F684500981E51 /* AppDelegate.m in Sources */ = {isa = PBXBuildFile; fileRef = 1D3623250D0F684500981E51 /* AppDelegate.m */; };
		1D60589B0D05DD56006BFB54 /* main.m in Sources */ = {isa = PBXBuildFile; fileRef = 29B97316FDCFA39411CA2CEA /* main.m */; };
		253E32C8092341E0AEB6649C /* MessageUI.framework in Frameworks */ = {isa = PBXBuildFile; fileRef = CCE63CF7E6EF4582BDB40A42 /* MessageUI.framework */; };
		29AB18C4E73D442BA105BE75 /* CDVWKInAppBrowser.m in Sources */ = {isa = PBXBuildFile; fileRef = 652B36934BCF4D8786A19D7B /* CDVWKInAppBrowser.m */; };
		301BF552109A68D80062928A /* libCordova.a in Frameworks */ = {isa = PBXBuildFile; fileRef = 301BF535109A57CC0062928A /* libCordova.a */; };
		302D95F114D2391D003F00A1 /* MainViewController.m in Sources */ = {isa = PBXBuildFile; fileRef = 302D95EF14D2391D003F00A1 /* MainViewController.m */; };
		302D95F214D2391D003F00A1 /* MainViewController.xib in Resources */ = {isa = PBXBuildFile; fileRef = 302D95F014D2391D003F00A1 /* MainViewController.xib */; };
		31CC20E6B4664B23A3C55619 /* LSFileViewer2.m in Sources */ = {isa = PBXBuildFile; fileRef = A87BABD164284DB399612DE4 /* LSFileViewer2.m */; };
		325F01D33B3C44F8B5BC6CB7 /* AudioToolbox.framework in Frameworks */ = {isa = PBXBuildFile; fileRef = 27C8AE50A7134DBBB4D8437E /* AudioToolbox.framework */; settings = {ATTRIBUTES = (Weak, ); }; };
		362CDC05EA68449D8DABBA3B /* LSPreviewController.m in Sources */ = {isa = PBXBuildFile; fileRef = 195F8A0E2F524956AE4BFF27 /* LSPreviewController.m */; };
		48257AC425C6176800B1A505 /* PostProcess.m in Sources */ = {isa = PBXBuildFile; fileRef = 48257AAB25C616AE00B1A505 /* PostProcess.m */; };
		48257AC525C6176800B1A505 /* ClearanceData.m in Sources */ = {isa = PBXBuildFile; fileRef = 48257AAC25C616AE00B1A505 /* ClearanceData.m */; };
		48257AC625C6176800B1A505 /* ControllerSettings.m in Sources */ = {isa = PBXBuildFile; fileRef = 48257AB325C616AE00B1A505 /* ControllerSettings.m */; };
		48257AC725C6176800B1A505 /* SensorSettings.m in Sources */ = {isa = PBXBuildFile; fileRef = 48257AB825C616AE00B1A505 /* SensorSettings.m */; };
		48257AC825C6176800B1A505 /* CDVIFC242x.m in Sources */ = {isa = PBXBuildFile; fileRef = 48257AC225C616AE00B1A505 /* CDVIFC242x.m */; };
		48257AC925C6176800B1A505 /* MeasurementData.m in Sources */ = {isa = PBXBuildFile; fileRef = 48257AC325C616AE00B1A505 /* MeasurementData.m */; };
		4859644525E062BE00B6988A /* BaseController.m in Sources */ = {isa = PBXBuildFile; fileRef = 48257AB125C616AE00B1A505 /* BaseController.m */; };
		4859644625E062BE00B6988A /* EthernetController.m in Sources */ = {isa = PBXBuildFile; fileRef = 48257AB425C616AE00B1A505 /* EthernetController.m */; };
		4859644725E062BE00B6988A /* DemoController.m in Sources */ = {isa = PBXBuildFile; fileRef = 48257AB725C616AE00B1A505 /* DemoController.m */; };
		4859644825E062BE00B6988A /* SerialController.m in Sources */ = {isa = PBXBuildFile; fileRef = 48257ABD25C616AE00B1A505 /* SerialController.m */; };
		4859644E25E062F500B6988A /* IFC242xManager.m in Sources */ = {isa = PBXBuildFile; fileRef = 4859644B25E062F400B6988A /* IFC242xManager.m */; };
		4859644F25E062F500B6988A /* ScanMetaData.m in Sources */ = {isa = PBXBuildFile; fileRef = 4859644D25E062F500B6988A /* ScanMetaData.m */; };
		4EAFAC365C2440FCAF8A946A /* CDVLocalFilesystem.m in Sources */ = {isa = PBXBuildFile; fileRef = 300DBDE79B6643A08EBC896B /* CDVLocalFilesystem.m */; };
		5667AFFF249BC3340086E54D /* ExternalAccessory.framework in Frameworks */ = {isa = PBXBuildFile; fileRef = 5667AFFD249BC3330086E54D /* ExternalAccessory.framework */; };
		56BD91B924323B69008117BD /* Settings.bundle in Resources */ = {isa = PBXBuildFile; fileRef = 56BD91B824323B69008117BD /* Settings.bundle */; };
		56EFBB46243E527A007A00D7 /* test_data.csv in Resources */ = {isa = PBXBuildFile; fileRef = 56EFBB45243E527A007A00D7 /* test_data.csv */; };
		6AFF5BF91D6E424B00AB3073 /* CDVLaunchScreen.storyboard in Resources */ = {isa = PBXBuildFile; fileRef = 6AFF5BF81D6E424B00AB3073 /* CDVLaunchScreen.storyboard */; };
		7FFB267431384ABE884D40FB /* APPEmailComposerImpl.m in Sources */ = {isa = PBXBuildFile; fileRef = FAF50F29E03C46D0A3AC2F21 /* APPEmailComposerImpl.m */; };
		9286ADDB9FA64996962262F2 /* SQLitePlugin.m in Sources */ = {isa = PBXBuildFile; fileRef = 14207BB34A914457ADA4DA86 /* SQLitePlugin.m */; };
		9B33192EA07F46E88A3BE46C /* CDVWKInAppBrowserUIDelegate.m in Sources */ = {isa = PBXBuildFile; fileRef = C5B8B630B82E4122A9827F8B /* CDVWKInAppBrowserUIDelegate.m */; };
		9CD76C0C67F6429C9B2A9F53 /* CDVNotification.m in Sources */ = {isa = PBXBuildFile; fileRef = 1E36E1BF9B334AD0A0BFF3E1 /* CDVNotification.m */; };
		A31A1DE20E144AC89986EA4E /* CDVSplashScreen.m in Sources */ = {isa = PBXBuildFile; fileRef = E208835430374DD59669992A /* CDVSplashScreen.m */; };
		AA9640D5085245598684DEA5 /* sqlite3.c in Sources */ = {isa = PBXBuildFile; fileRef = 774053A272D0425AA6358D92 /* sqlite3.c */; settings = {COMPILER_FLAGS = "-w -DSQLITE_THREADSAFE=1 -DSQLITE_DEFAULT_SYNCHRONOUS=3 -DSQLITE_DEFAULT_MEMSTATUS=0 -DSQLITE_OMIT_DECLTYPE -DSQLITE_OMIT_DEPRECATED -DSQLITE_OMIT_PROGRESS_CALLBACK -DSQLITE_OMIT_SHARED_CACHE -DSQLITE_TEMP_STORE=2 -DSQLITE_OMIT_LOAD_EXTENSION -DSQLITE_ENABLE_FTS3 -DSQLITE_ENABLE_FTS3_PARENTHESIS -DSQLITE_ENABLE_FTS4 -DSQLITE_ENABLE_RTREE -DSQLITE_DEFAULT_PAGE_SIZE=4096"; }; };
		AECECE90239940D384C42BDC /* APPEmailComposer.m in Sources */ = {isa = PBXBuildFile; fileRef = B29622D9B5F34808B6F43C89 /* APPEmailComposer.m */; };
		B177BED084C54F97B0E45E3F /* CDVViewController+SplashScreen.m in Sources */ = {isa = PBXBuildFile; fileRef = 7D07F741581B4BC4950B8517 /* CDVViewController+SplashScreen.m */; };
		B2E791A5CE924817ABCAD8BF /* CDVAssetLibraryFilesystem.m in Sources */ = {isa = PBXBuildFile; fileRef = 073C0EFA0CE24C3E9CCE448D /* CDVAssetLibraryFilesystem.m */; };
		B38AD2C52FF54E2DB04CE599 /* DocPickerViewController.m in Sources */ = {isa = PBXBuildFile; fileRef = F284747490554097886D206D /* DocPickerViewController.m */; };
		D74950605D5B42578415BED7 /* BNHtmlPdfKit.m in Sources */ = {isa = PBXBuildFile; fileRef = 6F467D4C84704BCF8BAAA0C6 /* BNHtmlPdfKit.m */; };
		E02822E856E4435A81090064 /* CDVFile.m in Sources */ = {isa = PBXBuildFile; fileRef = 2BA508C2EE2E4C4FB711E8DE /* CDVFile.m */; };
		E6B8C8A339B442718FBBA478 /* PSPDFThreadSafeMutableDictionary.m in Sources */ = {isa = PBXBuildFile; fileRef = 8413A95B5A0C405489F3C753 /* PSPDFThreadSafeMutableDictionary.m */; settings = {COMPILER_FLAGS = "-w"; }; };
		EA684278A7C74071832800BB /* PDFGenerator.m in Sources */ = {isa = PBXBuildFile; fileRef = E4617DF62F9A4FABAAF83BF9 /* PDFGenerator.m */; };
		F06FAF3AEB4B4AE49CF978C8 /* CDVNotification.bundle in Resources */ = {isa = PBXBuildFile; fileRef = C2DD6451BE364BA9B9E7EC11 /* CDVNotification.bundle */; };
		F3215A72FB4B44FCA25E00BD /* libRscMgrUniv.a in Frameworks */ = {isa = PBXBuildFile; fileRef = DAB96CE0A28F450D8FEB9FAD /* libRscMgrUniv.a */; };
/* End PBXBuildFile section */

/* Begin PBXContainerItemProxy section */
		301BF534109A57CC0062928A /* PBXContainerItemProxy */ = {
			isa = PBXContainerItemProxy;
			containerPortal = 301BF52D109A57CC0062928A /* CordovaLib/CordovaLib.xcodeproj */;
			proxyType = 2;
			remoteGlobalIDString = D2AAC07E0554694100DB518D;
			remoteInfo = CordovaLib;
		};
		301BF550109A68C00062928A /* PBXContainerItemProxy */ = {
			isa = PBXContainerItemProxy;
			containerPortal = 301BF52D109A57CC0062928A /* CordovaLib/CordovaLib.xcodeproj */;
			proxyType = 1;
			remoteGlobalIDString = D2AAC07D0554694100DB518D;
			remoteInfo = CordovaLib;
		};
		56E5485B23D7AD2D006FF02D /* PBXContainerItemProxy */ = {
			isa = PBXContainerItemProxy;
			containerPortal = 301BF52D109A57CC0062928A /* CordovaLib/CordovaLib.xcodeproj */;
			proxyType = 2;
			remoteGlobalIDString = C0C01EB21E3911D50056E6CB;
			remoteInfo = Cordova;
		};
/* End PBXContainerItemProxy section */

/* Begin PBXFileReference section */
		017C46D2C6D34DD28F6E8F6C /* sqlite3.h */ = {isa = PBXFileReference; explicitFileType = undefined; fileEncoding = 4; includeInIndex = 0; lastKnownFileType = sourcecode.c.h; name = sqlite3.h; path = "cordova-sqlite-storage/sqlite3.h"; sourceTree = "<group>"; };
		0207DA571B56EA530066E2B4 /* Images.xcassets */ = {isa = PBXFileReference; lastKnownFileType = folder.assetcatalog; name = Images.xcassets; path = e4PtTool/Images.xcassets; sourceTree = SOURCE_ROOT; };
		073C0EFA0CE24C3E9CCE448D /* CDVAssetLibraryFilesystem.m */ = {isa = PBXFileReference; explicitFileType = undefined; fileEncoding = 4; includeInIndex = 0; lastKnownFileType = sourcecode.c.objc; name = CDVAssetLibraryFilesystem.m; path = "cordova-plugin-file/CDVAssetLibraryFilesystem.m"; sourceTree = "<group>"; };
		0AD50F76A664484D8ADA6CDE /* LSFileViewer2.h */ = {isa = PBXFileReference; explicitFileType = undefined; fileEncoding = 4; includeInIndex = 0; lastKnownFileType = sourcecode.c.h; name = LSFileViewer2.h; path = "cordova-plugin-fileviewer2/LSFileViewer2.h"; sourceTree = "<group>"; };
		0B0ED31B67924EC6AD8E35D1 /* CDVWKInAppBrowser.h */ = {isa = PBXFileReference; explicitFileType = undefined; fileEncoding = 4; includeInIndex = 0; lastKnownFileType = sourcecode.c.h; name = CDVWKInAppBrowser.h; path = "cordova-plugin-inappbrowser/CDVWKInAppBrowser.h"; sourceTree = "<group>"; };
		109F97A98424414DB9924DFB /* BNHtmlPdfKit.h */ = {isa = PBXFileReference; explicitFileType = undefined; fileEncoding = 4; includeInIndex = 0; lastKnownFileType = sourcecode.c.h; name = BNHtmlPdfKit.h; path = "cordova-pdf-generator/BNHtmlPdfKit.h"; sourceTree = "<group>"; };
		120D1583CE624A9192A14BC9 /* CDVFile.h */ = {isa = PBXFileReference; explicitFileType = undefined; fileEncoding = 4; includeInIndex = 0; lastKnownFileType = sourcecode.c.h; name = CDVFile.h; path = "cordova-plugin-file/CDVFile.h"; sourceTree = "<group>"; };
		14207BB34A914457ADA4DA86 /* SQLitePlugin.m */ = {isa = PBXFileReference; explicitFileType = undefined; fileEncoding = 4; includeInIndex = 0; lastKnownFileType = sourcecode.c.objc; name = SQLitePlugin.m; path = "cordova-sqlite-storage/SQLitePlugin.m"; sourceTree = "<group>"; };
		195F8A0E2F524956AE4BFF27 /* LSPreviewController.m */ = {isa = PBXFileReference; explicitFileType = undefined; fileEncoding = 4; includeInIndex = 0; lastKnownFileType = sourcecode.c.objc; name = LSPreviewController.m; path = "cordova-plugin-fileviewer2/LSPreviewController.m"; sourceTree = "<group>"; };
		1D3623240D0F684500981E51 /* AppDelegate.h */ = {isa = PBXFileReference; fileEncoding = 4; lastKnownFileType = sourcecode.c.h; path = AppDelegate.h; sourceTree = "<group>"; };
		1D3623250D0F684500981E51 /* AppDelegate.m */ = {isa = PBXFileReference; fileEncoding = 4; lastKnownFileType = sourcecode.c.objc; path = AppDelegate.m; sourceTree = "<group>"; };
		1D6058910D05DD3D006BFB54 /* e4PtTool.app */ = {isa = PBXFileReference; explicitFileType = wrapper.application; includeInIndex = 0; path = e4PtTool.app; sourceTree = BUILT_PRODUCTS_DIR; };
		1E36E1BF9B334AD0A0BFF3E1 /* CDVNotification.m */ = {isa = PBXFileReference; explicitFileType = undefined; fileEncoding = 4; includeInIndex = 0; lastKnownFileType = sourcecode.c.objc; name = CDVNotification.m; path = "cordova-plugin-dialogs/CDVNotification.m"; sourceTree = "<group>"; };
		27C8AE50A7134DBBB4D8437E /* AudioToolbox.framework */ = {isa = PBXFileReference; explicitFileType = undefined; fileEncoding = 9; includeInIndex = 0; lastKnownFileType = wrapper.framework; name = AudioToolbox.framework; path = System/Library/Frameworks/AudioToolbox.framework; sourceTree = SDKROOT; };
		28E4993C285E475890ABF8B5 /* APPEmailComposer.h */ = {isa = PBXFileReference; explicitFileType = undefined; fileEncoding = 4; includeInIndex = 0; lastKnownFileType = sourcecode.c.h; name = APPEmailComposer.h; path = "cordova-plugin-email-composer/APPEmailComposer.h"; sourceTree = "<group>"; };
		29B97316FDCFA39411CA2CEA /* main.m */ = {isa = PBXFileReference; fileEncoding = 4; lastKnownFileType = sourcecode.c.objc; path = main.m; sourceTree = "<group>"; };
		2BA508C2EE2E4C4FB711E8DE /* CDVFile.m */ = {isa = PBXFileReference; explicitFileType = undefined; fileEncoding = 4; includeInIndex = 0; lastKnownFileType = sourcecode.c.objc; name = CDVFile.m; path = "cordova-plugin-file/CDVFile.m"; sourceTree = "<group>"; };
		300DBDE79B6643A08EBC896B /* CDVLocalFilesystem.m */ = {isa = PBXFileReference; explicitFileType = undefined; fileEncoding = 4; includeInIndex = 0; lastKnownFileType = sourcecode.c.objc; name = CDVLocalFilesystem.m; path = "cordova-plugin-file/CDVLocalFilesystem.m"; sourceTree = "<group>"; };
		301BF52D109A57CC0062928A /* CordovaLib/CordovaLib.xcodeproj */ = {isa = PBXFileReference; lastKnownFileType = "wrapper.pb-project"; path = CordovaLib/CordovaLib.xcodeproj; sourceTree = "<group>"; };
		301BF56E109A69640062928A /* www */ = {isa = PBXFileReference; lastKnownFileType = folder; path = www; sourceTree = SOURCE_ROOT; };
		302D95EE14D2391D003F00A1 /* MainViewController.h */ = {isa = PBXFileReference; fileEncoding = 4; lastKnownFileType = sourcecode.c.h; path = MainViewController.h; sourceTree = "<group>"; };
		302D95EF14D2391D003F00A1 /* MainViewController.m */ = {isa = PBXFileReference; fileEncoding = 4; lastKnownFileType = sourcecode.c.objc; path = MainViewController.m; sourceTree = "<group>"; };
		302D95F014D2391D003F00A1 /* MainViewController.xib */ = {isa = PBXFileReference; fileEncoding = 4; lastKnownFileType = file.xib; path = MainViewController.xib; sourceTree = "<group>"; };
		3047A50F1AB8059700498E2A /* build-debug.xcconfig */ = {isa = PBXFileReference; fileEncoding = 4; lastKnownFileType = text.xcconfig; name = "build-debug.xcconfig"; path = "cordova/build-debug.xcconfig"; sourceTree = SOURCE_ROOT; };
		3047A5101AB8059700498E2A /* build-release.xcconfig */ = {isa = PBXFileReference; fileEncoding = 4; lastKnownFileType = text.xcconfig; name = "build-release.xcconfig"; path = "cordova/build-release.xcconfig"; sourceTree = SOURCE_ROOT; };
		3047A5111AB8059700498E2A /* build.xcconfig */ = {isa = PBXFileReference; fileEncoding = 4; lastKnownFileType = text.xcconfig; name = build.xcconfig; path = cordova/build.xcconfig; sourceTree = SOURCE_ROOT; };
		32CA4F630368D1EE00C91783 /* e4PtTool-Prefix.pch */ = {isa = PBXFileReference; fileEncoding = 4; lastKnownFileType = sourcecode.c.h; path = "e4PtTool-Prefix.pch"; sourceTree = "<group>"; };
		3A182F81613343D59E8E8562 /* CDVInAppBrowserOptions.h */ = {isa = PBXFileReference; explicitFileType = undefined; fileEncoding = 4; includeInIndex = 0; lastKnownFileType = sourcecode.c.h; name = CDVInAppBrowserOptions.h; path = "cordova-plugin-inappbrowser/CDVInAppBrowserOptions.h"; sourceTree = "<group>"; };
		41722477FB2D4F1C90BAEE42 /* CDVInAppBrowserNavigationController.m */ = {isa = PBXFileReference; explicitFileType = undefined; fileEncoding = 4; includeInIndex = 0; lastKnownFileType = sourcecode.c.objc; name = CDVInAppBrowserNavigationController.m; path = "cordova-plugin-inappbrowser/CDVInAppBrowserNavigationController.m"; sourceTree = "<group>"; };
		48257AAB25C616AE00B1A505 /* PostProcess.m */ = {isa = PBXFileReference; lastKnownFileType = sourcecode.c.objc; path = PostProcess.m; sourceTree = "<group>"; };
		48257AAC25C616AE00B1A505 /* ClearanceData.m */ = {isa = PBXFileReference; lastKnownFileType = sourcecode.c.objc; path = ClearanceData.m; sourceTree = "<group>"; };
		48257AAD25C616AE00B1A505 /* RscMgr.h */ = {isa = PBXFileReference; lastKnownFileType = sourcecode.c.h; path = RscMgr.h; sourceTree = "<group>"; };
		48257AAE25C616AE00B1A505 /* MeasurementData.h */ = {isa = PBXFileReference; lastKnownFileType = sourcecode.c.h; path = MeasurementData.h; sourceTree = "<group>"; };
		48257AAF25C616AE00B1A505 /* CDVIFC242x.h */ = {isa = PBXFileReference; lastKnownFileType = sourcecode.c.h; path = CDVIFC242x.h; sourceTree = "<group>"; };
		48257AB125C616AE00B1A505 /* BaseController.m */ = {isa = PBXFileReference; lastKnownFileType = sourcecode.c.objc; path = BaseController.m; sourceTree = "<group>"; };
		48257AB225C616AE00B1A505 /* SensorSettings.h */ = {isa = PBXFileReference; lastKnownFileType = sourcecode.c.h; path = SensorSettings.h; sourceTree = "<group>"; };
		48257AB325C616AE00B1A505 /* ControllerSettings.m */ = {isa = PBXFileReference; lastKnownFileType = sourcecode.c.objc; path = ControllerSettings.m; sourceTree = "<group>"; };
		48257AB425C616AE00B1A505 /* EthernetController.m */ = {isa = PBXFileReference; lastKnownFileType = sourcecode.c.objc; path = EthernetController.m; sourceTree = "<group>"; };
		48257AB525C616AE00B1A505 /* IController.h */ = {isa = PBXFileReference; lastKnownFileType = sourcecode.c.h; path = IController.h; sourceTree = "<group>"; };
		48257AB625C616AE00B1A505 /* SerialController.h */ = {isa = PBXFileReference; lastKnownFileType = sourcecode.c.h; path = SerialController.h; sourceTree = "<group>"; };
		48257AB725C616AE00B1A505 /* DemoController.m */ = {isa = PBXFileReference; lastKnownFileType = sourcecode.c.objc; path = DemoController.m; sourceTree = "<group>"; };
		48257AB825C616AE00B1A505 /* SensorSettings.m */ = {isa = PBXFileReference; lastKnownFileType = sourcecode.c.objc; path = SensorSettings.m; sourceTree = "<group>"; };
		48257AB925C616AE00B1A505 /* BaseController.h */ = {isa = PBXFileReference; lastKnownFileType = sourcecode.c.h; path = BaseController.h; sourceTree = "<group>"; };
		48257ABA25C616AE00B1A505 /* ControllerSettings.h */ = {isa = PBXFileReference; lastKnownFileType = sourcecode.c.h; path = ControllerSettings.h; sourceTree = "<group>"; };
		48257ABB25C616AE00B1A505 /* EthernetController.h */ = {isa = PBXFileReference; lastKnownFileType = sourcecode.c.h; path = EthernetController.h; sourceTree = "<group>"; };
		48257ABC25C616AE00B1A505 /* DemoController.h */ = {isa = PBXFileReference; lastKnownFileType = sourcecode.c.h; path = DemoController.h; sourceTree = "<group>"; };
		48257ABD25C616AE00B1A505 /* SerialController.m */ = {isa = PBXFileReference; lastKnownFileType = sourcecode.c.objc; path = SerialController.m; sourceTree = "<group>"; };
		48257ABF25C616AE00B1A505 /* ClearanceData.h */ = {isa = PBXFileReference; lastKnownFileType = sourcecode.c.h; path = ClearanceData.h; sourceTree = "<group>"; };
		48257AC025C616AE00B1A505 /* PostProcess.h */ = {isa = PBXFileReference; lastKnownFileType = sourcecode.c.h; path = PostProcess.h; sourceTree = "<group>"; };
		48257AC125C616AE00B1A505 /* redparkSerial.h */ = {isa = PBXFileReference; lastKnownFileType = sourcecode.c.h; path = redparkSerial.h; sourceTree = "<group>"; };
		48257AC225C616AE00B1A505 /* CDVIFC242x.m */ = {isa = PBXFileReference; lastKnownFileType = sourcecode.c.objc; path = CDVIFC242x.m; sourceTree = "<group>"; };
		48257AC325C616AE00B1A505 /* MeasurementData.m */ = {isa = PBXFileReference; lastKnownFileType = sourcecode.c.objc; path = MeasurementData.m; sourceTree = "<group>"; };
		4859644A25E062F400B6988A /* ScanMetaData.h */ = {isa = PBXFileReference; fileEncoding = 4; lastKnownFileType = sourcecode.c.h; path = ScanMetaData.h; sourceTree = "<group>"; };
		4859644B25E062F400B6988A /* IFC242xManager.m */ = {isa = PBXFileReference; fileEncoding = 4; lastKnownFileType = sourcecode.c.objc; path = IFC242xManager.m; sourceTree = "<group>"; };
		4859644C25E062F500B6988A /* IFC242xManager.h */ = {isa = PBXFileReference; fileEncoding = 4; lastKnownFileType = sourcecode.c.h; path = IFC242xManager.h; sourceTree = "<group>"; };
		4859644D25E062F500B6988A /* ScanMetaData.m */ = {isa = PBXFileReference; fileEncoding = 4; lastKnownFileType = sourcecode.c.objc; path = ScanMetaData.m; sourceTree = "<group>"; };
		5667AFFD249BC3330086E54D /* ExternalAccessory.framework */ = {isa = PBXFileReference; lastKnownFileType = wrapper.framework; name = ExternalAccessory.framework; path = System/Library/Frameworks/ExternalAccessory.framework; sourceTree = SDKROOT; };
		56BD91B824323B69008117BD /* Settings.bundle */ = {isa = PBXFileReference; lastKnownFileType = "wrapper.plug-in"; path = Settings.bundle; sourceTree = "<group>"; };
		56EFBB45243E527A007A00D7 /* test_data.csv */ = {isa = PBXFileReference; fileEncoding = 4; lastKnownFileType = text; name = test_data.csv; path = ../../data/test_data.csv; sourceTree = "<group>"; };
		652B36934BCF4D8786A19D7B /* CDVWKInAppBrowser.m */ = {isa = PBXFileReference; explicitFileType = undefined; fileEncoding = 4; includeInIndex = 0; lastKnownFileType = sourcecode.c.objc; name = CDVWKInAppBrowser.m; path = "cordova-plugin-inappbrowser/CDVWKInAppBrowser.m"; sourceTree = "<group>"; };
		6AFF5BF81D6E424B00AB3073 /* CDVLaunchScreen.storyboard */ = {isa = PBXFileReference; fileEncoding = 4; lastKnownFileType = file.storyboard; name = CDVLaunchScreen.storyboard; path = e4PtTool/CDVLaunchScreen.storyboard; sourceTree = SOURCE_ROOT; };
		6C2F913BAB914681A99BFB39 /* CDVInAppBrowserNavigationController.h */ = {isa = PBXFileReference; explicitFileType = undefined; fileEncoding = 4; includeInIndex = 0; lastKnownFileType = sourcecode.c.h; name = CDVInAppBrowserNavigationController.h; path = "cordova-plugin-inappbrowser/CDVInAppBrowserNavigationController.h"; sourceTree = "<group>"; };
		6F467D4C84704BCF8BAAA0C6 /* BNHtmlPdfKit.m */ = {isa = PBXFileReference; explicitFileType = undefined; fileEncoding = 4; includeInIndex = 0; lastKnownFileType = sourcecode.c.objc; name = BNHtmlPdfKit.m; path = "cordova-pdf-generator/BNHtmlPdfKit.m"; sourceTree = "<group>"; };
		774053A272D0425AA6358D92 /* sqlite3.c */ = {isa = PBXFileReference; explicitFileType = undefined; fileEncoding = 9; includeInIndex = 0; lastKnownFileType = unknown; name = sqlite3.c; path = "cordova-sqlite-storage/sqlite3.c"; sourceTree = "<group>"; };
		7A182A3C4420476FA1D2B3CB /* CDVNotification.h */ = {isa = PBXFileReference; explicitFileType = undefined; fileEncoding = 4; includeInIndex = 0; lastKnownFileType = sourcecode.c.h; name = CDVNotification.h; path = "cordova-plugin-dialogs/CDVNotification.h"; sourceTree = "<group>"; };
		7CB5D1891509490B8F3874C2 /* CDVInAppBrowserOptions.m */ = {isa = PBXFileReference; explicitFileType = undefined; fileEncoding = 4; includeInIndex = 0; lastKnownFileType = sourcecode.c.objc; name = CDVInAppBrowserOptions.m; path = "cordova-plugin-inappbrowser/CDVInAppBrowserOptions.m"; sourceTree = "<group>"; };
		7D07F741581B4BC4950B8517 /* CDVViewController+SplashScreen.m */ = {isa = PBXFileReference; explicitFileType = undefined; fileEncoding = 4; includeInIndex = 0; lastKnownFileType = sourcecode.c.objc; name = "CDVViewController+SplashScreen.m"; path = "cordova-plugin-splashscreen/CDVViewController+SplashScreen.m"; sourceTree = "<group>"; };
		8413A95B5A0C405489F3C753 /* PSPDFThreadSafeMutableDictionary.m */ = {isa = PBXFileReference; explicitFileType = undefined; fileEncoding = 4; includeInIndex = 0; lastKnownFileType = sourcecode.c.objc; name = PSPDFThreadSafeMutableDictionary.m; path = "cordova-sqlite-storage/PSPDFThreadSafeMutableDictionary.m"; sourceTree = "<group>"; };
		8B80FF68F15F40AFA308F52B /* PDFGenerator.h */ = {isa = PBXFileReference; explicitFileType = undefined; fileEncoding = 4; includeInIndex = 0; lastKnownFileType = sourcecode.c.h; name = PDFGenerator.h; path = "cordova-pdf-generator/PDFGenerator.h"; sourceTree = "<group>"; };
		8D1107310486CEB800E47090 /* e4PtTool-Info.plist */ = {isa = PBXFileReference; fileEncoding = 4; lastKnownFileType = text.plist.xml; name = "e4PtTool-Info.plist"; path = "e4PtTool/e4PtTool-Info.plist"; plistStructureDefinitionIdentifier = "com.apple.xcode.plist.structure-definition.iphone.info-plist"; sourceTree = SOURCE_ROOT; };
		95A9A39A3F614C528025CF06 /* SQLitePlugin.h */ = {isa = PBXFileReference; explicitFileType = undefined; fileEncoding = 4; includeInIndex = 0; lastKnownFileType = sourcecode.c.h; name = SQLitePlugin.h; path = "cordova-sqlite-storage/SQLitePlugin.h"; sourceTree = "<group>"; };
		A676682883DD482C83E35E5B /* APPEmailComposerImpl.h */ = {isa = PBXFileReference; explicitFileType = undefined; fileEncoding = 4; includeInIndex = 0; lastKnownFileType = sourcecode.c.h; name = APPEmailComposerImpl.h; path = "cordova-plugin-email-composer/APPEmailComposerImpl.h"; sourceTree = "<group>"; };
		A84B83F753B04923B432DC3A /* CDVViewController+SplashScreen.h */ = {isa = PBXFileReference; explicitFileType = undefined; fileEncoding = 4; includeInIndex = 0; lastKnownFileType = sourcecode.c.h; name = "CDVViewController+SplashScreen.h"; path = "cordova-plugin-splashscreen/CDVViewController+SplashScreen.h"; sourceTree = "<group>"; };
		A87BABD164284DB399612DE4 /* LSFileViewer2.m */ = {isa = PBXFileReference; explicitFileType = undefined; fileEncoding = 4; includeInIndex = 0; lastKnownFileType = sourcecode.c.objc; name = LSFileViewer2.m; path = "cordova-plugin-fileviewer2/LSFileViewer2.m"; sourceTree = "<group>"; };
		B29622D9B5F34808B6F43C89 /* APPEmailComposer.m */ = {isa = PBXFileReference; explicitFileType = undefined; fileEncoding = 4; includeInIndex = 0; lastKnownFileType = sourcecode.c.objc; name = APPEmailComposer.m; path = "cordova-plugin-email-composer/APPEmailComposer.m"; sourceTree = "<group>"; };
		BAF009F1E03C4EB0975F8B73 /* CDVSplashScreen.h */ = {isa = PBXFileReference; explicitFileType = undefined; fileEncoding = 4; includeInIndex = 0; lastKnownFileType = sourcecode.c.h; name = CDVSplashScreen.h; path = "cordova-plugin-splashscreen/CDVSplashScreen.h"; sourceTree = "<group>"; };
		BC69AA3F80664CE7A7A12478 /* DocPickerViewController.h */ = {isa = PBXFileReference; explicitFileType = undefined; fileEncoding = 4; includeInIndex = 0; lastKnownFileType = sourcecode.c.h; name = DocPickerViewController.h; path = doc_picker_plugin/DocPickerViewController.h; sourceTree = "<group>"; };
		C2DD6451BE364BA9B9E7EC11 /* CDVNotification.bundle */ = {isa = PBXFileReference; explicitFileType = undefined; fileEncoding = 9; includeInIndex = 0; lastKnownFileType = "wrapper.plug-in"; path = CDVNotification.bundle; sourceTree = "<group>"; };
		C5B8B630B82E4122A9827F8B /* CDVWKInAppBrowserUIDelegate.m */ = {isa = PBXFileReference; explicitFileType = undefined; fileEncoding = 4; includeInIndex = 0; lastKnownFileType = sourcecode.c.objc; name = CDVWKInAppBrowserUIDelegate.m; path = "cordova-plugin-inappbrowser/CDVWKInAppBrowserUIDelegate.m"; sourceTree = "<group>"; };
		CA0FB8DC2B5540A48CA6C487 /* PSPDFThreadSafeMutableDictionary.h */ = {isa = PBXFileReference; explicitFileType = undefined; fileEncoding = 4; includeInIndex = 0; lastKnownFileType = sourcecode.c.h; name = PSPDFThreadSafeMutableDictionary.h; path = "cordova-sqlite-storage/PSPDFThreadSafeMutableDictionary.h"; sourceTree = "<group>"; };
		CCE63CF7E6EF4582BDB40A42 /* MessageUI.framework */ = {isa = PBXFileReference; explicitFileType = undefined; fileEncoding = 9; includeInIndex = 0; lastKnownFileType = wrapper.framework; name = MessageUI.framework; path = System/Library/Frameworks/MessageUI.framework; sourceTree = SDKROOT; };
		D19BB9871AAC40BA874F4B65 /* LSPreviewController.h */ = {isa = PBXFileReference; explicitFileType = undefined; fileEncoding = 4; includeInIndex = 0; lastKnownFileType = sourcecode.c.h; name = LSPreviewController.h; path = "cordova-plugin-fileviewer2/LSPreviewController.h"; sourceTree = "<group>"; };
		D8A453CA905049EC91305D9E /* CDVAssetLibraryFilesystem.h */ = {isa = PBXFileReference; explicitFileType = undefined; fileEncoding = 4; includeInIndex = 0; lastKnownFileType = sourcecode.c.h; name = CDVAssetLibraryFilesystem.h; path = "cordova-plugin-file/CDVAssetLibraryFilesystem.h"; sourceTree = "<group>"; };
		DAB96CE0A28F450D8FEB9FAD /* libRscMgrUniv.a */ = {isa = PBXFileReference; explicitFileType = undefined; fileEncoding = 9; includeInIndex = 0; lastKnownFileType = archive.ar; name = libRscMgrUniv.a; path = e4PtTool/Plugins/IFC242xPlugin/libRscMgrUniv.a; sourceTree = "<group>"; };
		E208835430374DD59669992A /* CDVSplashScreen.m */ = {isa = PBXFileReference; explicitFileType = undefined; fileEncoding = 4; includeInIndex = 0; lastKnownFileType = sourcecode.c.objc; name = CDVSplashScreen.m; path = "cordova-plugin-splashscreen/CDVSplashScreen.m"; sourceTree = "<group>"; };
		E4617DF62F9A4FABAAF83BF9 /* PDFGenerator.m */ = {isa = PBXFileReference; explicitFileType = undefined; fileEncoding = 4; includeInIndex = 0; lastKnownFileType = sourcecode.c.objc; name = PDFGenerator.m; path = "cordova-pdf-generator/PDFGenerator.m"; sourceTree = "<group>"; };
		EB87FDF31871DA8E0020F90C /* www */ = {isa = PBXFileReference; lastKnownFileType = folder; name = www; path = ../../www; sourceTree = "<group>"; };
		EB87FDF41871DAF40020F90C /* config.xml */ = {isa = PBXFileReference; lastKnownFileType = text.xml; name = config.xml; path = ../../config.xml; sourceTree = "<group>"; };
		ED33DF2A687741AEAF9F8254 /* Bridging-Header.h */ = {isa = PBXFileReference; fileEncoding = 4; lastKnownFileType = sourcecode.c.h; path = "Bridging-Header.h"; sourceTree = "<group>"; };
		F284747490554097886D206D /* DocPickerViewController.m */ = {isa = PBXFileReference; explicitFileType = undefined; fileEncoding = 4; includeInIndex = 0; lastKnownFileType = sourcecode.c.objc; name = DocPickerViewController.m; path = doc_picker_plugin/DocPickerViewController.m; sourceTree = "<group>"; };
		F840E1F0165FE0F500CFE078 /* config.xml */ = {isa = PBXFileReference; lastKnownFileType = text.xml; name = config.xml; path = e4PtTool/config.xml; sourceTree = "<group>"; };
		FAF50F29E03C46D0A3AC2F21 /* APPEmailComposerImpl.m */ = {isa = PBXFileReference; explicitFileType = undefined; fileEncoding = 4; includeInIndex = 0; lastKnownFileType = sourcecode.c.objc; name = APPEmailComposerImpl.m; path = "cordova-plugin-email-composer/APPEmailComposerImpl.m"; sourceTree = "<group>"; };
		FEC92214BFA844C0ABEF7246 /* CDVLocalFilesystem.h */ = {isa = PBXFileReference; explicitFileType = undefined; fileEncoding = 4; includeInIndex = 0; lastKnownFileType = sourcecode.c.h; name = CDVLocalFilesystem.h; path = "cordova-plugin-file/CDVLocalFilesystem.h"; sourceTree = "<group>"; };
		FF782DAB3489443BA51CBE01 /* CDVWKInAppBrowserUIDelegate.h */ = {isa = PBXFileReference; explicitFileType = undefined; fileEncoding = 4; includeInIndex = 0; lastKnownFileType = sourcecode.c.h; name = CDVWKInAppBrowserUIDelegate.h; path = "cordova-plugin-inappbrowser/CDVWKInAppBrowserUIDelegate.h"; sourceTree = "<group>"; };
/* End PBXFileReference section */

/* Begin PBXFrameworksBuildPhase section */
		1D60588F0D05DD3D006BFB54 /* Frameworks */ = {
			isa = PBXFrameworksBuildPhase;
			buildActionMask = 2147483647;
			files = (
				5667AFFF249BC3340086E54D /* ExternalAccessory.framework in Frameworks */,
				301BF552109A68D80062928A /* libCordova.a in Frameworks */,
				325F01D33B3C44F8B5BC6CB7 /* AudioToolbox.framework in Frameworks */,
				253E32C8092341E0AEB6649C /* MessageUI.framework in Frameworks */,
				F3215A72FB4B44FCA25E00BD /* libRscMgrUniv.a in Frameworks */,
			);
			runOnlyForDeploymentPostprocessing = 0;
		};
/* End PBXFrameworksBuildPhase section */

/* Begin PBXGroup section */
		080E96DDFE201D6D7F000001 /* Classes */ = {
			isa = PBXGroup;
			children = (
				302D95EE14D2391D003F00A1 /* MainViewController.h */,
				302D95EF14D2391D003F00A1 /* MainViewController.m */,
				302D95F014D2391D003F00A1 /* MainViewController.xib */,
				1D3623240D0F684500981E51 /* AppDelegate.h */,
				1D3623250D0F684500981E51 /* AppDelegate.m */,
			);
			name = Classes;
			path = e4PtTool/Classes;
			sourceTree = SOURCE_ROOT;
		};
		19C28FACFE9D520D11CA2CBB /* Products */ = {
			isa = PBXGroup;
			children = (
				1D6058910D05DD3D006BFB54 /* e4PtTool.app */,
			);
			name = Products;
			sourceTree = "<group>";
		};
		29B97314FDCFA39411CA2CEA /* CustomTemplate */ = {
			isa = PBXGroup;
			children = (
				56EFBB45243E527A007A00D7 /* test_data.csv */,
				56BD91B824323B69008117BD /* Settings.bundle */,
				EB87FDF41871DAF40020F90C /* config.xml */,
				EB87FDF31871DA8E0020F90C /* www */,
				EB87FDF11871DA420020F90C /* Staging */,
				301BF52D109A57CC0062928A /* CordovaLib/CordovaLib.xcodeproj */,
				080E96DDFE201D6D7F000001 /* Classes */,
				307C750510C5A3420062BCA9 /* Plugins */,
				29B97315FDCFA39411CA2CEA /* Other Sources */,
				29B97317FDCFA39411CA2CEA /* Resources */,
				29B97323FDCFA39411CA2CEA /* Frameworks */,
				19C28FACFE9D520D11CA2CBB /* Products */,
			);
			name = CustomTemplate;
			sourceTree = "<group>";
		};
		29B97315FDCFA39411CA2CEA /* Other Sources */ = {
			isa = PBXGroup;
			children = (
				32CA4F630368D1EE00C91783 /* e4PtTool-Prefix.pch */,
				29B97316FDCFA39411CA2CEA /* main.m */,
				ED33DF2A687741AEAF9F8254 /* Bridging-Header.h */,
			);
			name = "Other Sources";
			path = e4PtTool;
			sourceTree = "<group>";
		};
		29B97317FDCFA39411CA2CEA /* Resources */ = {
			isa = PBXGroup;
			children = (
				0207DA571B56EA530066E2B4 /* Images.xcassets */,
				3047A50E1AB8057F00498E2A /* config */,
				8D1107310486CEB800E47090 /* e4PtTool-Info.plist */,
				6AFF5BF81D6E424B00AB3073 /* CDVLaunchScreen.storyboard */,
				C2DD6451BE364BA9B9E7EC11 /* CDVNotification.bundle */,
			);
			name = Resources;
			path = e4PtTool/Resources;
			sourceTree = "<group>";
		};
		29B97323FDCFA39411CA2CEA /* Frameworks */ = {
			isa = PBXGroup;
			children = (
				5667AFFD249BC3330086E54D /* ExternalAccessory.framework */,
				27C8AE50A7134DBBB4D8437E /* AudioToolbox.framework */,
				CCE63CF7E6EF4582BDB40A42 /* MessageUI.framework */,
				DAB96CE0A28F450D8FEB9FAD /* libRscMgrUniv.a */,
			);
			name = Frameworks;
			sourceTree = "<group>";
		};
		301BF52E109A57CC0062928A /* Products */ = {
			isa = PBXGroup;
			children = (
				301BF535109A57CC0062928A /* libCordova.a */,
				56E5485C23D7AD2D006FF02D /* Cordova.framework */,
			);
			name = Products;
			sourceTree = "<group>";
		};
		3047A50E1AB8057F00498E2A /* config */ = {
			isa = PBXGroup;
			children = (
				3047A50F1AB8059700498E2A /* build-debug.xcconfig */,
				3047A5101AB8059700498E2A /* build-release.xcconfig */,
				3047A5111AB8059700498E2A /* build.xcconfig */,
			);
			name = config;
			sourceTree = "<group>";
		};
		307C750510C5A3420062BCA9 /* Plugins */ = {
			isa = PBXGroup;
			children = (
				48257AAA25C616AE00B1A505 /* IFC242xPlugin */,
				E208835430374DD59669992A /* CDVSplashScreen.m */,
				7D07F741581B4BC4950B8517 /* CDVViewController+SplashScreen.m */,
				BAF009F1E03C4EB0975F8B73 /* CDVSplashScreen.h */,
				A84B83F753B04923B432DC3A /* CDVViewController+SplashScreen.h */,
				14207BB34A914457ADA4DA86 /* SQLitePlugin.m */,
				8413A95B5A0C405489F3C753 /* PSPDFThreadSafeMutableDictionary.m */,
				774053A272D0425AA6358D92 /* sqlite3.c */,
				95A9A39A3F614C528025CF06 /* SQLitePlugin.h */,
				CA0FB8DC2B5540A48CA6C487 /* PSPDFThreadSafeMutableDictionary.h */,
				017C46D2C6D34DD28F6E8F6C /* sqlite3.h */,
				1E36E1BF9B334AD0A0BFF3E1 /* CDVNotification.m */,
				7A182A3C4420476FA1D2B3CB /* CDVNotification.h */,
				B29622D9B5F34808B6F43C89 /* APPEmailComposer.m */,
				FAF50F29E03C46D0A3AC2F21 /* APPEmailComposerImpl.m */,
				28E4993C285E475890ABF8B5 /* APPEmailComposer.h */,
				A676682883DD482C83E35E5B /* APPEmailComposerImpl.h */,
				F284747490554097886D206D /* DocPickerViewController.m */,
				BC69AA3F80664CE7A7A12478 /* DocPickerViewController.h */,
				E4617DF62F9A4FABAAF83BF9 /* PDFGenerator.m */,
				6F467D4C84704BCF8BAAA0C6 /* BNHtmlPdfKit.m */,
				109F97A98424414DB9924DFB /* BNHtmlPdfKit.h */,
				8B80FF68F15F40AFA308F52B /* PDFGenerator.h */,
				2BA508C2EE2E4C4FB711E8DE /* CDVFile.m */,
				300DBDE79B6643A08EBC896B /* CDVLocalFilesystem.m */,
				073C0EFA0CE24C3E9CCE448D /* CDVAssetLibraryFilesystem.m */,
				120D1583CE624A9192A14BC9 /* CDVFile.h */,
				FEC92214BFA844C0ABEF7246 /* CDVLocalFilesystem.h */,
				D8A453CA905049EC91305D9E /* CDVAssetLibraryFilesystem.h */,
				7CB5D1891509490B8F3874C2 /* CDVInAppBrowserOptions.m */,
				41722477FB2D4F1C90BAEE42 /* CDVInAppBrowserNavigationController.m */,
				652B36934BCF4D8786A19D7B /* CDVWKInAppBrowser.m */,
				C5B8B630B82E4122A9827F8B /* CDVWKInAppBrowserUIDelegate.m */,
				3A182F81613343D59E8E8562 /* CDVInAppBrowserOptions.h */,
				6C2F913BAB914681A99BFB39 /* CDVInAppBrowserNavigationController.h */,
				0B0ED31B67924EC6AD8E35D1 /* CDVWKInAppBrowser.h */,
				FF782DAB3489443BA51CBE01 /* CDVWKInAppBrowserUIDelegate.h */,
				A87BABD164284DB399612DE4 /* LSFileViewer2.m */,
				195F8A0E2F524956AE4BFF27 /* LSPreviewController.m */,
				0AD50F76A664484D8ADA6CDE /* LSFileViewer2.h */,
				D19BB9871AAC40BA874F4B65 /* LSPreviewController.h */,
			);
			name = Plugins;
			path = e4PtTool/Plugins;
			sourceTree = SOURCE_ROOT;
		};
		48257AAA25C616AE00B1A505 /* IFC242xPlugin */ = {
			isa = PBXGroup;
			children = (
				4859644C25E062F500B6988A /* IFC242xManager.h */,
				4859644B25E062F400B6988A /* IFC242xManager.m */,
				4859644A25E062F400B6988A /* ScanMetaData.h */,
				4859644D25E062F500B6988A /* ScanMetaData.m */,
				48257AAB25C616AE00B1A505 /* PostProcess.m */,
				48257AAC25C616AE00B1A505 /* ClearanceData.m */,
				48257AAD25C616AE00B1A505 /* RscMgr.h */,
				48257AAE25C616AE00B1A505 /* MeasurementData.h */,
				48257AAF25C616AE00B1A505 /* CDVIFC242x.h */,
				48257AB025C616AE00B1A505 /* Controller */,
				48257ABF25C616AE00B1A505 /* ClearanceData.h */,
				48257AC025C616AE00B1A505 /* PostProcess.h */,
				48257AC125C616AE00B1A505 /* redparkSerial.h */,
				48257AC225C616AE00B1A505 /* CDVIFC242x.m */,
				48257AC325C616AE00B1A505 /* MeasurementData.m */,
			);
			path = IFC242xPlugin;
			sourceTree = "<group>";
		};
		48257AB025C616AE00B1A505 /* Controller */ = {
			isa = PBXGroup;
			children = (
				48257AB125C616AE00B1A505 /* BaseController.m */,
				48257AB225C616AE00B1A505 /* SensorSettings.h */,
				48257AB325C616AE00B1A505 /* ControllerSettings.m */,
				48257AB425C616AE00B1A505 /* EthernetController.m */,
				48257AB525C616AE00B1A505 /* IController.h */,
				48257AB625C616AE00B1A505 /* SerialController.h */,
				48257AB725C616AE00B1A505 /* DemoController.m */,
				48257AB825C616AE00B1A505 /* SensorSettings.m */,
				48257AB925C616AE00B1A505 /* BaseController.h */,
				48257ABA25C616AE00B1A505 /* ControllerSettings.h */,
				48257ABB25C616AE00B1A505 /* EthernetController.h */,
				48257ABC25C616AE00B1A505 /* DemoController.h */,
				48257ABD25C616AE00B1A505 /* SerialController.m */,
			);
			path = Controller;
			sourceTree = "<group>";
		};
		EB87FDF11871DA420020F90C /* Staging */ = {
			isa = PBXGroup;
			children = (
				F840E1F0165FE0F500CFE078 /* config.xml */,
				301BF56E109A69640062928A /* www */,
			);
			name = Staging;
			sourceTree = "<group>";
		};
/* End PBXGroup section */

/* Begin PBXNativeTarget section */
		1D6058900D05DD3D006BFB54 /* e4PtTool */ = {
			isa = PBXNativeTarget;
			buildConfigurationList = 1D6058960D05DD3E006BFB54 /* Build configuration list for PBXNativeTarget "e4PtTool" */;
			buildPhases = (
				304B58A110DAC018002A0835 /* Copy www directory */,
				1D60588D0D05DD3D006BFB54 /* Resources */,
				4806708B25B874B400F2029A /* ShellScript */,
				1D60588E0D05DD3D006BFB54 /* Sources */,
				1D60588F0D05DD3D006BFB54 /* Frameworks */,
			);
			buildRules = (
			);
			dependencies = (
				301BF551109A68C00062928A /* PBXTargetDependency */,
			);
			name = e4PtTool;
			productName = e4PtTool;
			productReference = 1D6058910D05DD3D006BFB54 /* e4PtTool.app */;
			productType = "com.apple.product-type.application";
		};
/* End PBXNativeTarget section */

/* Begin PBXProject section */
		29B97313FDCFA39411CA2CEA /* Project object */ = {
			isa = PBXProject;
			attributes = {
				LastUpgradeCheck = 510;
				TargetAttributes = {
					1D6058900D05DD3D006BFB54 = {
						DevelopmentTeam = H62B4T98ND;
						ProvisioningStyle = Manual;
						SystemCapabilities = {
							com.apple.Push = {
								enabled = 1;
							};
							com.apple.iCloud = {
								enabled = 0;
							};
						};
					};
				};
			};
			buildConfigurationList = C01FCF4E08A954540054247B /* Build configuration list for PBXProject "e4PtTool" */;
			compatibilityVersion = "Xcode 3.2";
			developmentRegion = English;
			hasScannedForEncodings = 1;
			knownRegions = (
				English,
				en,
			);
			mainGroup = 29B97314FDCFA39411CA2CEA /* CustomTemplate */;
			projectDirPath = "";
			projectReferences = (
				{
					ProductGroup = 301BF52E109A57CC0062928A /* Products */;
					ProjectRef = 301BF52D109A57CC0062928A /* CordovaLib/CordovaLib.xcodeproj */;
				},
			);
			projectRoot = "";
			targets = (
				1D6058900D05DD3D006BFB54 /* e4PtTool */,
			);
		};
/* End PBXProject section */

/* Begin PBXReferenceProxy section */
		301BF535109A57CC0062928A /* libCordova.a */ = {
			isa = PBXReferenceProxy;
			fileType = archive.ar;
			path = libCordova.a;
			remoteRef = 301BF534109A57CC0062928A /* PBXContainerItemProxy */;
			sourceTree = BUILT_PRODUCTS_DIR;
		};
		56E5485C23D7AD2D006FF02D /* Cordova.framework */ = {
			isa = PBXReferenceProxy;
			fileType = wrapper.framework;
			path = Cordova.framework;
			remoteRef = 56E5485B23D7AD2D006FF02D /* PBXContainerItemProxy */;
			sourceTree = BUILT_PRODUCTS_DIR;
		};
/* End PBXReferenceProxy section */

/* Begin PBXResourcesBuildPhase section */
		1D60588D0D05DD3D006BFB54 /* Resources */ = {
			isa = PBXResourcesBuildPhase;
			buildActionMask = 2147483647;
			files = (
				302D95F214D2391D003F00A1 /* MainViewController.xib in Resources */,
				0207DA581B56EA530066E2B4 /* Images.xcassets in Resources */,
				56BD91B924323B69008117BD /* Settings.bundle in Resources */,
				6AFF5BF91D6E424B00AB3073 /* CDVLaunchScreen.storyboard in Resources */,
				56EFBB46243E527A007A00D7 /* test_data.csv in Resources */,
				F06FAF3AEB4B4AE49CF978C8 /* CDVNotification.bundle in Resources */,
			);
			runOnlyForDeploymentPostprocessing = 0;
		};
/* End PBXResourcesBuildPhase section */

/* Begin PBXShellScriptBuildPhase section */
		304B58A110DAC018002A0835 /* Copy www directory */ = {
			isa = PBXShellScriptBuildPhase;
			buildActionMask = 2147483647;
			files = (
			);
			inputPaths = (
			);
			name = "Copy www directory";
			outputPaths = (
			);
			runOnlyForDeploymentPostprocessing = 0;
			shellPath = /bin/sh;
			shellScript = "NODEJS_PATH=/usr/local/bin; NVM_NODE_PATH=~/.nvm/versions/node/`nvm version 2>/dev/null`/bin; N_NODE_PATH=`find /usr/local/n/versions/node/* -maxdepth 0 -type d 2>/dev/null | tail -1`/bin; XCODE_NODE_PATH=`xcode-select --print-path`/usr/share/xcs/Node/bin; PATH=$NODEJS_PATH:$NVM_NODE_PATH:$N_NODE_PATH:$XCODE_NODE_PATH:$PATH && node cordova/lib/copy-www-build-step.js";
			showEnvVarsInLog = 0;
		};
		4806708B25B874B400F2029A /* ShellScript */ = {
			isa = PBXShellScriptBuildPhase;
			buildActionMask = 2147483647;
			files = (
			);
			inputFileListPaths = (
			);
			inputPaths = (
			);
			outputFileListPaths = (
			);
			outputPaths = (
			);
			runOnlyForDeploymentPostprocessing = 0;
			shellPath = /bin/sh;
			shellScript = "cd \"${BUILT_PRODUCTS_DIR}\"\nbuildVersion=$(/usr/libexec/PlistBuddy -c \"Print CFBundleShortVersionString\" \"${INFOPLIST_PATH}\")\n/usr/libexec/PlistBuddy -c \"Set PreferenceSpecifiers:0:DefaultValue $buildVersion\" \"${PRODUCT_NAME}.app/Settings.bundle/Root.plist\"\nbuildDate=$(date +'%b %d, %Y') \n/usr/libexec/PlistBuddy -c \"Set PreferenceSpecifiers:1:DefaultValue $buildDate\" \"${PRODUCT_NAME}.app/Settings.bundle/Root.plist\"\n";
		};
/* End PBXShellScriptBuildPhase section */

/* Begin PBXSourcesBuildPhase section */
		1D60588E0D05DD3D006BFB54 /* Sources */ = {
			isa = PBXSourcesBuildPhase;
			buildActionMask = 2147483647;
			files = (
				4859644525E062BE00B6988A /* BaseController.m in Sources */,
				4859644625E062BE00B6988A /* EthernetController.m in Sources */,
				4859644725E062BE00B6988A /* DemoController.m in Sources */,
				4859644825E062BE00B6988A /* SerialController.m in Sources */,
				48257AC425C6176800B1A505 /* PostProcess.m in Sources */,
				48257AC525C6176800B1A505 /* ClearanceData.m in Sources */,
				48257AC625C6176800B1A505 /* ControllerSettings.m in Sources */,
				48257AC725C6176800B1A505 /* SensorSettings.m in Sources */,
				48257AC825C6176800B1A505 /* CDVIFC242x.m in Sources */,
				48257AC925C6176800B1A505 /* MeasurementData.m in Sources */,
				4859644E25E062F500B6988A /* IFC242xManager.m in Sources */,
				1D60589B0D05DD56006BFB54 /* main.m in Sources */,
				1D3623260D0F684500981E51 /* AppDelegate.m in Sources */,
				302D95F114D2391D003F00A1 /* MainViewController.m in Sources */,
				A31A1DE20E144AC89986EA4E /* CDVSplashScreen.m in Sources */,
				B177BED084C54F97B0E45E3F /* CDVViewController+SplashScreen.m in Sources */,
				9286ADDB9FA64996962262F2 /* SQLitePlugin.m in Sources */,
				E6B8C8A339B442718FBBA478 /* PSPDFThreadSafeMutableDictionary.m in Sources */,
				AA9640D5085245598684DEA5 /* sqlite3.c in Sources */,
				9CD76C0C67F6429C9B2A9F53 /* CDVNotification.m in Sources */,
				AECECE90239940D384C42BDC /* APPEmailComposer.m in Sources */,
				7FFB267431384ABE884D40FB /* APPEmailComposerImpl.m in Sources */,
				B38AD2C52FF54E2DB04CE599 /* DocPickerViewController.m in Sources */,
				EA684278A7C74071832800BB /* PDFGenerator.m in Sources */,
				D74950605D5B42578415BED7 /* BNHtmlPdfKit.m in Sources */,
				E02822E856E4435A81090064 /* CDVFile.m in Sources */,
				4EAFAC365C2440FCAF8A946A /* CDVLocalFilesystem.m in Sources */,
				B2E791A5CE924817ABCAD8BF /* CDVAssetLibraryFilesystem.m in Sources */,
				4859644F25E062F500B6988A /* ScanMetaData.m in Sources */,
				165206AEB7E543BA9345D8A4 /* CDVInAppBrowserOptions.m in Sources */,
				0C5A79C56C3147D9B0806371 /* CDVInAppBrowserNavigationController.m in Sources */,
				29AB18C4E73D442BA105BE75 /* CDVWKInAppBrowser.m in Sources */,
				9B33192EA07F46E88A3BE46C /* CDVWKInAppBrowserUIDelegate.m in Sources */,
				31CC20E6B4664B23A3C55619 /* LSFileViewer2.m in Sources */,
				362CDC05EA68449D8DABBA3B /* LSPreviewController.m in Sources */,
			);
			runOnlyForDeploymentPostprocessing = 0;
		};
/* End PBXSourcesBuildPhase section */

/* Begin PBXTargetDependency section */
		301BF551109A68C00062928A /* PBXTargetDependency */ = {
			isa = PBXTargetDependency;
			name = CordovaLib;
			targetProxy = 301BF550109A68C00062928A /* PBXContainerItemProxy */;
		};
/* End PBXTargetDependency section */

/* Begin XCBuildConfiguration section */
		1D6058940D05DD3E006BFB54 /* Debug */ = {
			isa = XCBuildConfiguration;
			baseConfigurationReference = 3047A50F1AB8059700498E2A /* build-debug.xcconfig */;
			buildSettings = {
				ALWAYS_SEARCH_USER_PATHS = NO;
				ASSETCATALOG_COMPILER_APPICON_NAME = AppIcon;
				ASSETCATALOG_COMPILER_LAUNCHIMAGE_NAME = LaunchImage;
				CLANG_ENABLE_MODULES = YES;
				CLANG_ENABLE_OBJC_ARC = YES;
				CODE_SIGN_IDENTITY = "iPhone Distribution";
				CODE_SIGN_STYLE = Manual;
				COPY_PHASE_STRIP = NO;
				CURRENT_PROJECT_VERSION = 0.2.8.21;
				DEVELOPMENT_TEAM = H62B4T98ND;
				GCC_DYNAMIC_NO_PIC = NO;
				GCC_OPTIMIZATION_LEVEL = 0;
				GCC_PRECOMPILE_PREFIX_HEADER = YES;
				GCC_PREFIX_HEADER = "e4PtTool/e4PtTool-Prefix.pch";
				GCC_THUMB_SUPPORT = NO;
				GCC_VERSION = "";
				INFOPLIST_FILE = "e4PtTool/e4PtTool-Info.plist";
				IPHONEOS_DEPLOYMENT_TARGET = 11.0;
				LD_RUNPATH_SEARCH_PATHS = "@executable_path/Frameworks";
				LIBRARY_SEARCH_PATHS = (
					"$(inherited)",
					"\"$(SRCROOT)/e4PtTool/Plugins/IFC242xPlugin\"",
				);
				MARKETING_VERSION = 0.2.8.21;
				PRODUCT_NAME = e4PtTool;
				PROVISIONING_PROFILE_SPECIFIER = "XCBOT e4PtTool ENT Dist Profile";
				TARGETED_DEVICE_FAMILY = "1,2";
			};
			name = Debug;
		};
		1D6058950D05DD3E006BFB54 /* Release */ = {
			isa = XCBuildConfiguration;
			baseConfigurationReference = 3047A5101AB8059700498E2A /* build-release.xcconfig */;
			buildSettings = {
				ALWAYS_SEARCH_USER_PATHS = NO;
				ASSETCATALOG_COMPILER_APPICON_NAME = AppIcon;
				ASSETCATALOG_COMPILER_LAUNCHIMAGE_NAME = LaunchImage;
				CLANG_ENABLE_MODULES = YES;
				CLANG_ENABLE_OBJC_ARC = YES;
				CODE_SIGN_STYLE = Manual;
				COPY_PHASE_STRIP = YES;
				CURRENT_PROJECT_VERSION = 0.2.8.21;
				DEVELOPMENT_TEAM = H62B4T98ND;
				GCC_PRECOMPILE_PREFIX_HEADER = YES;
				GCC_PREFIX_HEADER = "e4PtTool/e4PtTool-Prefix.pch";
				GCC_THUMB_SUPPORT = NO;
				GCC_VERSION = "";
				INFOPLIST_FILE = "e4PtTool/e4PtTool-Info.plist";
				IPHONEOS_DEPLOYMENT_TARGET = 11.0;
				LD_RUNPATH_SEARCH_PATHS = "@executable_path/Frameworks";
				LIBRARY_SEARCH_PATHS = (
					"$(inherited)",
					"\"$(SRCROOT)/e4PtTool/Plugins/IFC242xPlugin\"",
				);
				MARKETING_VERSION = 0.2.8.21;
				PRODUCT_NAME = e4PtTool;
				PROVISIONING_PROFILE_SPECIFIER = "XCBOT e4PtTool ENT Dist Profile";
				TARGETED_DEVICE_FAMILY = "1,2";
			};
			name = Release;
		};
		C01FCF4F08A954540054247B /* Debug */ = {
			isa = XCBuildConfiguration;
			baseConfigurationReference = 3047A5111AB8059700498E2A /* build.xcconfig */;
			buildSettings = {
				CLANG_ENABLE_MODULES = YES;
				CLANG_ENABLE_OBJC_ARC = YES;
				CLANG_WARN_BOOL_CONVERSION = YES;
				CLANG_WARN_CONSTANT_CONVERSION = YES;
				CLANG_WARN_EMPTY_BODY = YES;
				CLANG_WARN_ENUM_CONVERSION = YES;
				CLANG_WARN_INT_CONVERSION = YES;
				CLANG_WARN__DUPLICATE_METHOD_MATCH = YES;
				GCC_C_LANGUAGE_STANDARD = c99;
				GCC_THUMB_SUPPORT = NO;
				GCC_VERSION = "";
				GCC_WARN_ABOUT_RETURN_TYPE = YES;
				GCC_WARN_UNDECLARED_SELECTOR = YES;
				GCC_WARN_UNINITIALIZED_AUTOS = YES;
				GCC_WARN_UNUSED_FUNCTION = YES;
				GCC_WARN_UNUSED_VARIABLE = YES;
				ONLY_ACTIVE_ARCH = YES;
				SDKROOT = iphoneos;
				SKIP_INSTALL = NO;
			};
			name = Debug;
		};
		C01FCF5008A954540054247B /* Release */ = {
			isa = XCBuildConfiguration;
			baseConfigurationReference = 3047A5111AB8059700498E2A /* build.xcconfig */;
			buildSettings = {
				CLANG_ENABLE_MODULES = YES;
				CLANG_ENABLE_OBJC_ARC = YES;
				CLANG_WARN_BOOL_CONVERSION = YES;
				CLANG_WARN_CONSTANT_CONVERSION = YES;
				CLANG_WARN_EMPTY_BODY = YES;
				CLANG_WARN_ENUM_CONVERSION = YES;
				CLANG_WARN_INT_CONVERSION = YES;
				CLANG_WARN__DUPLICATE_METHOD_MATCH = YES;
				GCC_C_LANGUAGE_STANDARD = c99;
				GCC_THUMB_SUPPORT = NO;
				GCC_VERSION = "";
				GCC_WARN_ABOUT_RETURN_TYPE = YES;
				GCC_WARN_UNDECLARED_SELECTOR = YES;
				GCC_WARN_UNINITIALIZED_AUTOS = YES;
				GCC_WARN_UNUSED_FUNCTION = YES;
				GCC_WARN_UNUSED_VARIABLE = YES;
				SDKROOT = iphoneos;
				SKIP_INSTALL = NO;
			};
			name = Release;
		};
/* End XCBuildConfiguration section */

/* Begin XCConfigurationList section */
		1D6058960D05DD3E006BFB54 /* Build configuration list for PBXNativeTarget "e4PtTool" */ = {
			isa = XCConfigurationList;
			buildConfigurations = (
				1D6058940D05DD3E006BFB54 /* Debug */,
				1D6058950D05DD3E006BFB54 /* Release */,
			);
			defaultConfigurationIsVisible = 0;
			defaultConfigurationName = Release;
		};
		C01FCF4E08A954540054247B /* Build configuration list for PBXProject "e4PtTool" */ = {
			isa = XCConfigurationList;
			buildConfigurations = (
				C01FCF4F08A954540054247B /* Debug */,
				C01FCF5008A954540054247B /* Release */,
			);
			defaultConfigurationIsVisible = 0;
			defaultConfigurationName = Release;
		};
/* End XCConfigurationList section */
	};
	rootObject = 29B97313FDCFA39411CA2CEA /* Project object */;
}
